{
  "object": {
    "pins": [
      {
        "package": "RealmDatabase",
        "repositoryURL": "https://github.com/bradleyandrew/realm-core.git",
        "state": {
          "branch": "xcode-27-fix",
          "revision": "006a08a34d96532de5db3d0f44168f946b0031a7",
          "version": null
        }
      },
      {
        "package": "Realm",
        "repositoryURL": "https://github.com/bradleyandrew/realm-swift.git",
        "state": {
          "branch": "release/10.54.8",
          "revision": "e6ca5f0b5bed60240bd86c3e17b3a02c097369c2",
          "version": null
        }
      }
    ]
  },
  "version": 1
}
